{
  "name": "@aefree/pi-codecks",
  "version": "0.2.0",
  "lockfileVersion": 3,
  "requires": true,
  "packages": {
    "": {
      "name": "@aefree/pi-codecks",
      "version": "0.2.0",
      "license": "MIT",
      "devDependencies": {
        "typebox": "^1.1.34"
      },
      "peerDependencies": {
        "@mariozechner/pi-ai": "*",
        "@mariozechner/pi-coding-agent": "*",
        "typebox": "*"
      }
    },
    "node_modules/typebox": {
      "version": "1.1.34",
      "resolved": "https://registry.npmjs.org/typebox/-/typebox-1.1.34.tgz",
      "integrity": "sha512-V0fM5W5DTXlEMDxqtX1dQ25HR1RQ11DPUVrIup4sJi1yQtIyI30SHfxBy/HjXKL1CtUqc5or2igA/wa/v4hMKQ==",
      "dev": true,
      "license": "MIT"
    }
  }
}
